
Microsoft Visual Studio Solution File, Format Version 12.00
# Visual Studio 15
VisualStudioVersion = 15.0.26430.13
MinimumVisualStudioVersion = 10.0.40219.1
Project("{8BC9CEB8-8B4A-11D0-8D11-00A0C91BC942}") = "Password Generator", "Password Generator\Password Generator.vcxproj", "{079554DB-6AFE-47D1-BD67-37844B76F695}"
EndProject
Project("{2150E333-8FDC-42A3-9474-1A3956D46DE8}") = "Solution Items", "Solution Items", "{D3837DDC-DFDC-4E64-B0DD-2EAE7B419B02}"
	ProjectSection(SolutionItems) = preProject
		Password Generator\main.cpp = Password Generator\main.cpp
	EndProjectSection
EndProject
Global
	GlobalSection(SolutionConfigurationPlatforms) = preSolution
		Debug|x64 = Debug|x64
		Debug|x86 = Debug|x86
		Release|x64 = Release|x64
		Release|x86 = Release|x86
	EndGlobalSection
	GlobalSection(ProjectConfigurationPlatforms) = postSolution
		{079554DB-6AFE-47D1-BD67-37844B76F695}.Debug|x64.ActiveCfg = Debug|x64
		{079554DB-6AFE-47D1-BD67-37844B76F695}.Debug|x64.Build.0 = Debug|x64
		{079554DB-6AFE-47D1-BD67-37844B76F695}.Debug|x86.ActiveCfg = Debug|Win32
		{079554DB-6AFE-47D1-BD67-37844B76F695}.Debug|x86.Build.0 = Debug|Win32
		{079554DB-6AFE-47D1-BD67-37844B76F695}.Release|x64.ActiveCfg = Release|x64
		{079554DB-6AFE-47D1-BD67-37844B76F695}.Release|x64.Build.0 = Release|x64
		{079554DB-6AFE-47D1-BD67-37844B76F695}.Release|x86.ActiveCfg = Release|Win32
		{079554DB-6AFE-47D1-BD67-37844B76F695}.Release|x86.Build.0 = Release|Win32
	EndGlobalSection
	GlobalSection(SolutionProperties) = preSolution
		HideSolutionNode = FALSE
	EndGlobalSection
EndGlobal
